PODS:
  - Analytics (3.6.6)
  - Segment-Nielsen-DCR (0.1.0):
    - Analytics (~> 3.6)

DEPENDENCIES:
  - Analytics (~> 3.0)
  - Segment-Nielsen-DCR (from `https://github.com/segment-integrations/analytics-ios-integration-nielsen-dcr.git`, branch `initial/implementation`)

EXTERNAL SOURCES:
  Segment-Nielsen-DCR:
    :branch: initial/implementation
    :git: https://github.com/segment-integrations/analytics-ios-integration-nielsen-dcr.git

CHECKOUT OPTIONS:
  Segment-Nielsen-DCR:
    :commit: 784d55aa6729400521b1b8f2931098bf31f721a5
    :git: https://github.com/segment-integrations/analytics-ios-integration-nielsen-dcr.git

SPEC CHECKSUMS:
  Analytics: fe7d0bcaea04f90adcd39de78386ad239c97646b
  Segment-Nielsen-DCR: 7ffb85a748dfc2a676dea11cd9a8365c0abe12ff

PODFILE CHECKSUM: 12deb2bfac1122bba619017f951057179b781e84

COCOAPODS: 1.2.1
